
Microsoft Visual Studio Solution File, Format Version 12.00
# Visual Studio Version 16
VisualStudioVersion = 16.0.33130.400
MinimumVisualStudioVersion = 10.0.40219.1
Project("{FAE04EC0-301F-11D3-BF4B-00C04F79EFBC}") = "Ex4", "Ex4\Ex4.csproj", "{0E4B324F-C349-497B-A324-A2B5963ABD9F}"
EndProject
Global
	GlobalSection(SolutionConfigurationPlatforms) = preSolution
		Debug|Any CPU = Debug|Any CPU
		Release|Any CPU = Release|Any CPU
	EndGlobalSection
	GlobalSection(ProjectConfigurationPlatforms) = postSolution
		{0E4B324F-C349-497B-A324-A2B5963ABD9F}.Debug|Any CPU.ActiveCfg = Debug|Any CPU
		{0E4B324F-C349-497B-A324-A2B5963ABD9F}.Debug|Any CPU.Build.0 = Debug|Any CPU
		{0E4B324F-C349-497B-A324-A2B5963ABD9F}.Release|Any CPU.ActiveCfg = Release|Any CPU
		{0E4B324F-C349-497B-A324-A2B5963ABD9F}.Release|Any CPU.Build.0 = Release|Any CPU
	EndGlobalSection
	GlobalSection(SolutionProperties) = preSolution
		HideSolutionNode = FALSE
	EndGlobalSection
	GlobalSection(ExtensibilityGlobals) = postSolution
		SolutionGuid = {81375D31-7227-45F3-8B29-E274A4A8B796}
	EndGlobalSection
EndGlobal
